
Microsoft Visual Studio Solution File, Format Version 12.00
# Visual Studio Version 17
VisualStudioVersion = 17.5.33414.496
MinimumVisualStudioVersion = 10.0.40219.1
Project("{FAE04EC0-301F-11D3-BF4B-00C04F79EFBC}") = "Laba2_end", "Laba2_end\Laba2_end.csproj", "{27471344-861A-4F17-82C6-09D73A7B1986}"
EndProject
Global
	GlobalSection(SolutionConfigurationPlatforms) = preSolution
		Debug|Any CPU = Debug|Any CPU
		Release|Any CPU = Release|Any CPU
	EndGlobalSection
	GlobalSection(ProjectConfigurationPlatforms) = postSolution
		{27471344-861A-4F17-82C6-09D73A7B1986}.Debug|Any CPU.ActiveCfg = Debug|Any CPU
		{27471344-861A-4F17-82C6-09D73A7B1986}.Debug|Any CPU.Build.0 = Debug|Any CPU
		{27471344-861A-4F17-82C6-09D73A7B1986}.Release|Any CPU.ActiveCfg = Release|Any CPU
		{27471344-861A-4F17-82C6-09D73A7B1986}.Release|Any CPU.Build.0 = Release|Any CPU
	EndGlobalSection
	GlobalSection(SolutionProperties) = preSolution
		HideSolutionNode = FALSE
	EndGlobalSection
	GlobalSection(ExtensibilityGlobals) = postSolution
		SolutionGuid = {BBDEC0AB-7382-4E52-913B-DC01A36285FA}
	EndGlobalSection
EndGlobal
