
Microsoft Visual Studio Solution File, Format Version 12.00
# Visual Studio Version 17
VisualStudioVersion = 17.5.33414.496
MinimumVisualStudioVersion = 10.0.40219.1
Project("{FAE04EC0-301F-11D3-BF4B-00C04F79EFBC}") = "LabW18", "LabW18.csproj", "{5A25175A-2236-4FFF-96E8-6DA28175042C}"
EndProject
Global
	GlobalSection(SolutionConfigurationPlatforms) = preSolution
		Debug|Any CPU = Debug|Any CPU
		Release|Any CPU = Release|Any CPU
	EndGlobalSection
	GlobalSection(ProjectConfigurationPlatforms) = postSolution
		{5A25175A-2236-4FFF-96E8-6DA28175042C}.Debug|Any CPU.ActiveCfg = Debug|Any CPU
		{5A25175A-2236-4FFF-96E8-6DA28175042C}.Debug|Any CPU.Build.0 = Debug|Any CPU
		{5A25175A-2236-4FFF-96E8-6DA28175042C}.Release|Any CPU.ActiveCfg = Release|Any CPU
		{5A25175A-2236-4FFF-96E8-6DA28175042C}.Release|Any CPU.Build.0 = Release|Any CPU
	EndGlobalSection
	GlobalSection(SolutionProperties) = preSolution
		HideSolutionNode = FALSE
	EndGlobalSection
	GlobalSection(ExtensibilityGlobals) = postSolution
		SolutionGuid = {BF0E2089-C388-4CDB-B8CD-8C35F11BD581}
	EndGlobalSection
EndGlobal
